// !$*UTF8*$!
{
	archiveVersion = 1;
	classes = {
	};
	objectVersion = 55;
	objects = {

/* Begin PBXBuildFile section */
		6A568FD50ACE457310E7379B /* Pods_FantaStockerCase.framework in Frameworks */ = {isa = PBXBuildFile; fileRef = D4448D6E84A1A4C421B33E3E /* Pods_FantaStockerCase.framework */; };
		C32E3D4C2806B00D001AE663 /* User+CoreDataClass.swift in Sources */ = {isa = PBXBuildFile; fileRef = C32E3D462806B00D001AE663 /* User+CoreDataClass.swift */; };
		C32E3D4D2806B00D001AE663 /* User+CoreDataProperties.swift in Sources */ = {isa = PBXBuildFile; fileRef = C32E3D472806B00D001AE663 /* User+CoreDataProperties.swift */; };
		C32E3D4E2806B00D001AE663 /* SavedUser+CoreDataClass.swift in Sources */ = {isa = PBXBuildFile; fileRef = C32E3D482806B00D001AE663 /* SavedUser+CoreDataClass.swift */; };
		C32E3D4F2806B00D001AE663 /* SavedUser+CoreDataProperties.swift in Sources */ = {isa = PBXBuildFile; fileRef = C32E3D492806B00D001AE663 /* SavedUser+CoreDataProperties.swift */; };
		C32E3D502806B00D001AE663 /* Post+CoreDataClass.swift in Sources */ = {isa = PBXBuildFile; fileRef = C32E3D4A2806B00D001AE663 /* Post+CoreDataClass.swift */; };
		C32E3D512806B00D001AE663 /* Post+CoreDataProperties.swift in Sources */ = {isa = PBXBuildFile; fileRef = C32E3D4B2806B00D001AE663 /* Post+CoreDataProperties.swift */; };
		C35C23592801B4C500B78459 /* ProfilePresantationController.swift in Sources */ = {isa = PBXBuildFile; fileRef = C35C23582801B4C500B78459 /* ProfilePresantationController.swift */; };
		C35C235C2801B56500B78459 /* ProfileSelectionController.swift in Sources */ = {isa = PBXBuildFile; fileRef = C35C235B2801B56500B78459 /* ProfileSelectionController.swift */; };
		C35C235E2801B93D00B78459 /* ProfileSelectionViewModel.swift in Sources */ = {isa = PBXBuildFile; fileRef = C35C235D2801B93D00B78459 /* ProfileSelectionViewModel.swift */; };
		C35C23612801FD1700B78459 /* UserView.swift in Sources */ = {isa = PBXBuildFile; fileRef = C35C23602801FD1700B78459 /* UserView.swift */; };
		C35C2368280409E400B78459 /* FSButton.swift in Sources */ = {isa = PBXBuildFile; fileRef = C35C2367280409E400B78459 /* FSButton.swift */; };
		C35C236A28040DC000B78459 /* CreatePostViewController.swift in Sources */ = {isa = PBXBuildFile; fileRef = C35C236928040DC000B78459 /* CreatePostViewController.swift */; };
		C35C236D28040DE200B78459 /* CreatePostViewModel.swift in Sources */ = {isa = PBXBuildFile; fileRef = C35C236C28040DE200B78459 /* CreatePostViewModel.swift */; };
		C377C97C28042069004CD504 /* Users.json in Resources */ = {isa = PBXBuildFile; fileRef = C377C97B28042069004CD504 /* Users.json */; };
		C377C98628042288004CD504 /* UserModel.swift in Sources */ = {isa = PBXBuildFile; fileRef = C377C98528042288004CD504 /* UserModel.swift */; };
		C3D1AFBA2804851400B5B529 /* FSTextView.swift in Sources */ = {isa = PBXBuildFile; fileRef = C3D1AFB92804851400B5B529 /* FSTextView.swift */; };
		C3DA95982800C363003A41EE /* AppDelegate.swift in Sources */ = {isa = PBXBuildFile; fileRef = C3DA95972800C363003A41EE /* AppDelegate.swift */; };
		C3DA95A22800C363003A41EE /* FantaStockerCase.xcdatamodeld in Sources */ = {isa = PBXBuildFile; fileRef = C3DA95A02800C363003A41EE /* FantaStockerCase.xcdatamodeld */; };
		C3DA95A42800C366003A41EE /* Assets.xcassets in Resources */ = {isa = PBXBuildFile; fileRef = C3DA95A32800C366003A41EE /* Assets.xcassets */; };
		C3DA95A72800C366003A41EE /* LaunchScreen.storyboard in Resources */ = {isa = PBXBuildFile; fileRef = C3DA95A52800C366003A41EE /* LaunchScreen.storyboard */; };
		C3DA95B92800C660003A41EE /* MainViewController.swift in Sources */ = {isa = PBXBuildFile; fileRef = C3DA95B72800C660003A41EE /* MainViewController.swift */; };
		C3DA95BC2800C690003A41EE /* MainViewModel.swift in Sources */ = {isa = PBXBuildFile; fileRef = C3DA95BB2800C690003A41EE /* MainViewModel.swift */; };
		C3DA95BF2800C6C2003A41EE /* Typealias.swift in Sources */ = {isa = PBXBuildFile; fileRef = C3DA95BE2800C6C2003A41EE /* Typealias.swift */; };
		C3DA95C52800C779003A41EE /* UITableViewCell+Extensions.swift in Sources */ = {isa = PBXBuildFile; fileRef = C3DA95C12800C779003A41EE /* UITableViewCell+Extensions.swift */; };
		C3DA95C62800C779003A41EE /* UIColor+Extensions.swift in Sources */ = {isa = PBXBuildFile; fileRef = C3DA95C22800C779003A41EE /* UIColor+Extensions.swift */; };
		C3DA95C72800C779003A41EE /* UITableView+Extensions.swift in Sources */ = {isa = PBXBuildFile; fileRef = C3DA95C32800C779003A41EE /* UITableView+Extensions.swift */; };
		C3DA95C82800C779003A41EE /* UIView+Extensions.swift in Sources */ = {isa = PBXBuildFile; fileRef = C3DA95C42800C779003A41EE /* UIView+Extensions.swift */; };
		C3DA95CD2800C7D1003A41EE /* ProfileDrawerView.swift in Sources */ = {isa = PBXBuildFile; fileRef = C3DA95CB2800C7D1003A41EE /* ProfileDrawerView.swift */; };
		C3DA95D22800C7FA003A41EE /* PostView.swift in Sources */ = {isa = PBXBuildFile; fileRef = C3DA95D02800C7FA003A41EE /* PostView.swift */; };
		C3DA95ED2800D6A7003A41EE /* CoreDataManager.swift in Sources */ = {isa = PBXBuildFile; fileRef = C3DA95EC2800D6A7003A41EE /* CoreDataManager.swift */; };
/* End PBXBuildFile section */

/* Begin PBXFileReference section */
		56A7C7CDEB5857D24F1C0005 /* Pods-FantaStockerCase.release.xcconfig */ = {isa = PBXFileReference; includeInIndex = 1; lastKnownFileType = text.xcconfig; name = "Pods-FantaStockerCase.release.xcconfig"; path = "Target Support Files/Pods-FantaStockerCase/Pods-FantaStockerCase.release.xcconfig"; sourceTree = "<group>"; };
		7317D8AD3620B7AD5FE0F3FD /* Pods-FantaStockerCase.debug.xcconfig */ = {isa = PBXFileReference; includeInIndex = 1; lastKnownFileType = text.xcconfig; name = "Pods-FantaStockerCase.debug.xcconfig"; path = "Target Support Files/Pods-FantaStockerCase/Pods-FantaStockerCase.debug.xcconfig"; sourceTree = "<group>"; };
		C32E3D462806B00D001AE663 /* User+CoreDataClass.swift */ = {isa = PBXFileReference; fileEncoding = 4; lastKnownFileType = sourcecode.swift; path = "User+CoreDataClass.swift"; sourceTree = "<group>"; };
		C32E3D472806B00D001AE663 /* User+CoreDataProperties.swift */ = {isa = PBXFileReference; fileEncoding = 4; lastKnownFileType = sourcecode.swift; path = "User+CoreDataProperties.swift"; sourceTree = "<group>"; };
		C32E3D482806B00D001AE663 /* SavedUser+CoreDataClass.swift */ = {isa = PBXFileReference; fileEncoding = 4; lastKnownFileType = sourcecode.swift; path = "SavedUser+CoreDataClass.swift"; sourceTree = "<group>"; };
		C32E3D492806B00D001AE663 /* SavedUser+CoreDataProperties.swift */ = {isa = PBXFileReference; fileEncoding = 4; lastKnownFileType = sourcecode.swift; path = "SavedUser+CoreDataProperties.swift"; sourceTree = "<group>"; };
		C32E3D4A2806B00D001AE663 /* Post+CoreDataClass.swift */ = {isa = PBXFileReference; fileEncoding = 4; lastKnownFileType = sourcecode.swift; path = "Post+CoreDataClass.swift"; sourceTree = "<group>"; };
		C32E3D4B2806B00D001AE663 /* Post+CoreDataProperties.swift */ = {isa = PBXFileReference; fileEncoding = 4; lastKnownFileType = sourcecode.swift; path = "Post+CoreDataProperties.swift"; sourceTree = "<group>"; };
		C35C23582801B4C500B78459 /* ProfilePresantationController.swift */ = {isa = PBXFileReference; lastKnownFileType = sourcecode.swift; path = ProfilePresantationController.swift; sourceTree = "<group>"; };
		C35C235B2801B56500B78459 /* ProfileSelectionController.swift */ = {isa = PBXFileReference; lastKnownFileType = sourcecode.swift; path = ProfileSelectionController.swift; sourceTree = "<group>"; };
		C35C235D2801B93D00B78459 /* ProfileSelectionViewModel.swift */ = {isa = PBXFileReference; lastKnownFileType = sourcecode.swift; path = ProfileSelectionViewModel.swift; sourceTree = "<group>"; };
		C35C23602801FD1700B78459 /* UserView.swift */ = {isa = PBXFileReference; lastKnownFileType = sourcecode.swift; path = UserView.swift; sourceTree = "<group>"; };
		C35C2367280409E400B78459 /* FSButton.swift */ = {isa = PBXFileReference; lastKnownFileType = sourcecode.swift; path = FSButton.swift; sourceTree = "<group>"; };
		C35C236928040DC000B78459 /* CreatePostViewController.swift */ = {isa = PBXFileReference; lastKnownFileType = sourcecode.swift; path = CreatePostViewController.swift; sourceTree = "<group>"; };
		C35C236C28040DE200B78459 /* CreatePostViewModel.swift */ = {isa = PBXFileReference; lastKnownFileType = sourcecode.swift; path = CreatePostViewModel.swift; sourceTree = "<group>"; };
		C377C97B28042069004CD504 /* Users.json */ = {isa = PBXFileReference; fileEncoding = 4; lastKnownFileType = text.json; path = Users.json; sourceTree = "<group>"; };
		C377C98528042288004CD504 /* UserModel.swift */ = {isa = PBXFileReference; lastKnownFileType = sourcecode.swift; path = UserModel.swift; sourceTree = "<group>"; };
		C3D1AFB92804851400B5B529 /* FSTextView.swift */ = {isa = PBXFileReference; lastKnownFileType = sourcecode.swift; path = FSTextView.swift; sourceTree = "<group>"; };
		C3DA95942800C363003A41EE /* FantaStockerCase.app */ = {isa = PBXFileReference; explicitFileType = wrapper.application; includeInIndex = 0; path = FantaStockerCase.app; sourceTree = BUILT_PRODUCTS_DIR; };
		C3DA95972800C363003A41EE /* AppDelegate.swift */ = {isa = PBXFileReference; lastKnownFileType = sourcecode.swift; path = AppDelegate.swift; sourceTree = "<group>"; };
		C3DA95A12800C363003A41EE /* FantaStockerCase.xcdatamodel */ = {isa = PBXFileReference; lastKnownFileType = wrapper.xcdatamodel; path = FantaStockerCase.xcdatamodel; sourceTree = "<group>"; };
		C3DA95A32800C366003A41EE /* Assets.xcassets */ = {isa = PBXFileReference; lastKnownFileType = folder.assetcatalog; path = Assets.xcassets; sourceTree = "<group>"; };
		C3DA95A62800C366003A41EE /* Base */ = {isa = PBXFileReference; lastKnownFileType = file.storyboard; name = Base; path = Base.lproj/LaunchScreen.storyboard; sourceTree = "<group>"; };
		C3DA95A82800C366003A41EE /* Info.plist */ = {isa = PBXFileReference; lastKnownFileType = text.plist.xml; path = Info.plist; sourceTree = "<group>"; };
		C3DA95B72800C660003A41EE /* MainViewController.swift */ = {isa = PBXFileReference; lastKnownFileType = sourcecode.swift; path = MainViewController.swift; sourceTree = "<group>"; };
		C3DA95BB2800C690003A41EE /* MainViewModel.swift */ = {isa = PBXFileReference; lastKnownFileType = sourcecode.swift; path = MainViewModel.swift; sourceTree = "<group>"; };
		C3DA95BE2800C6C2003A41EE /* Typealias.swift */ = {isa = PBXFileReference; lastKnownFileType = sourcecode.swift; path = Typealias.swift; sourceTree = "<group>"; };
		C3DA95C12800C779003A41EE /* UITableViewCell+Extensions.swift */ = {isa = PBXFileReference; fileEncoding = 4; lastKnownFileType = sourcecode.swift; path = "UITableViewCell+Extensions.swift"; sourceTree = "<group>"; };
		C3DA95C22800C779003A41EE /* UIColor+Extensions.swift */ = {isa = PBXFileReference; fileEncoding = 4; lastKnownFileType = sourcecode.swift; path = "UIColor+Extensions.swift"; sourceTree = "<group>"; };
		C3DA95C32800C779003A41EE /* UITableView+Extensions.swift */ = {isa = PBXFileReference; fileEncoding = 4; lastKnownFileType = sourcecode.swift; path = "UITableView+Extensions.swift"; sourceTree = "<group>"; };
		C3DA95C42800C779003A41EE /* UIView+Extensions.swift */ = {isa = PBXFileReference; fileEncoding = 4; lastKnownFileType = sourcecode.swift; path = "UIView+Extensions.swift"; sourceTree = "<group>"; };
		C3DA95CB2800C7D1003A41EE /* ProfileDrawerView.swift */ = {isa = PBXFileReference; fileEncoding = 4; lastKnownFileType = sourcecode.swift; path = ProfileDrawerView.swift; sourceTree = "<group>"; };
		C3DA95D02800C7FA003A41EE /* PostView.swift */ = {isa = PBXFileReference; fileEncoding = 4; lastKnownFileType = sourcecode.swift; path = PostView.swift; sourceTree = "<group>"; };
		C3DA95EC2800D6A7003A41EE /* CoreDataManager.swift */ = {isa = PBXFileReference; lastKnownFileType = sourcecode.swift; path = CoreDataManager.swift; sourceTree = "<group>"; };
		D4448D6E84A1A4C421B33E3E /* Pods_FantaStockerCase.framework */ = {isa = PBXFileReference; explicitFileType = wrapper.framework; includeInIndex = 0; path = Pods_FantaStockerCase.framework; sourceTree = BUILT_PRODUCTS_DIR; };
/* End PBXFileReference section */

/* Begin PBXFrameworksBuildPhase section */
		C3DA95912800C363003A41EE /* Frameworks */ = {
			isa = PBXFrameworksBuildPhase;
			buildActionMask = 2147483647;
			files = (
				6A568FD50ACE457310E7379B /* Pods_FantaStockerCase.framework in Frameworks */,
			);
			runOnlyForDeploymentPostprocessing = 0;
		};
/* End PBXFrameworksBuildPhase section */

/* Begin PBXGroup section */
		89F71286C4CC23E88D1C7A8B /* Frameworks */ = {
			isa = PBXGroup;
			children = (
				D4448D6E84A1A4C421B33E3E /* Pods_FantaStockerCase.framework */,
			);
			name = Frameworks;
			sourceTree = "<group>";
		};
		8B1B2CD9F1CE4FA653CD2CFF /* Pods */ = {
			isa = PBXGroup;
			children = (
				7317D8AD3620B7AD5FE0F3FD /* Pods-FantaStockerCase.debug.xcconfig */,
				56A7C7CDEB5857D24F1C0005 /* Pods-FantaStockerCase.release.xcconfig */,
			);
			path = Pods;
			sourceTree = "<group>";
		};
		C35C23572801B48B00B78459 /* ProfilePresantationController */ = {
			isa = PBXGroup;
			children = (
				C35C23582801B4C500B78459 /* ProfilePresantationController.swift */,
			);
			path = ProfilePresantationController;
			sourceTree = "<group>";
		};
		C35C235A2801B54A00B78459 /* ProfileSelectionController  */ = {
			isa = PBXGroup;
			children = (
				C35C235B2801B56500B78459 /* ProfileSelectionController.swift */,
				C35C235D2801B93D00B78459 /* ProfileSelectionViewModel.swift */,
			);
			path = "ProfileSelectionController ";
			sourceTree = "<group>";
		};
		C35C235F2801FD0000B78459 /* UserView */ = {
			isa = PBXGroup;
			children = (
				C35C23602801FD1700B78459 /* UserView.swift */,
			);
			path = UserView;
			sourceTree = "<group>";
		};
		C35C2366280409CD00B78459 /* FSButton */ = {
			isa = PBXGroup;
			children = (
				C35C2367280409E400B78459 /* FSButton.swift */,
			);
			path = FSButton;
			sourceTree = "<group>";
		};
		C35C236B28040DC700B78459 /* CreatePostController */ = {
			isa = PBXGroup;
			children = (
				C35C236928040DC000B78459 /* CreatePostViewController.swift */,
				C35C236C28040DE200B78459 /* CreatePostViewModel.swift */,
			);
			path = CreatePostController;
			sourceTree = "<group>";
		};
		C3D1AFB8280484F900B5B529 /* FSTextView */ = {
			isa = PBXGroup;
			children = (
				C3D1AFB92804851400B5B529 /* FSTextView.swift */,
			);
			path = FSTextView;
			sourceTree = "<group>";
		};
		C3DA958B2800C363003A41EE = {
			isa = PBXGroup;
			children = (
				C3DA95962800C363003A41EE /* FantaStockerCase */,
				C3DA95952800C363003A41EE /* Products */,
				8B1B2CD9F1CE4FA653CD2CFF /* Pods */,
				89F71286C4CC23E88D1C7A8B /* Frameworks */,
			);
			sourceTree = "<group>";
		};
		C3DA95952800C363003A41EE /* Products */ = {
			isa = PBXGroup;
			children = (
				C3DA95942800C363003A41EE /* FantaStockerCase.app */,
			);
			name = Products;
			sourceTree = "<group>";
		};
		C3DA95962800C363003A41EE /* FantaStockerCase */ = {
			isa = PBXGroup;
			children = (
				C3DA95EB2800D695003A41EE /* CoreDataManager */,
				C3DA95BD2800C6AF003A41EE /* Common */,
				C3DA95B32800C5E4003A41EE /* Components */,
				C3DA95B02800C5A1003A41EE /* Scenes */,
				C3DA95972800C363003A41EE /* AppDelegate.swift */,
				C3DA95A32800C366003A41EE /* Assets.xcassets */,
				C3DA95A52800C366003A41EE /* LaunchScreen.storyboard */,
				C3DA95A82800C366003A41EE /* Info.plist */,
				C3DA95A02800C363003A41EE /* FantaStockerCase.xcdatamodeld */,
			);
			path = FantaStockerCase;
			sourceTree = "<group>";
		};
		C3DA95B02800C5A1003A41EE /* Scenes */ = {
			isa = PBXGroup;
			children = (
				C35C236B28040DC700B78459 /* CreatePostController */,
				C35C235A2801B54A00B78459 /* ProfileSelectionController  */,
				C3DA95B42800C62D003A41EE /* MainController */,
			);
			path = Scenes;
			sourceTree = "<group>";
		};
		C3DA95B32800C5E4003A41EE /* Components */ = {
			isa = PBXGroup;
			children = (
				C3D1AFB8280484F900B5B529 /* FSTextView */,
				C35C2366280409CD00B78459 /* FSButton */,
				C35C235F2801FD0000B78459 /* UserView */,
				C35C23572801B48B00B78459 /* ProfilePresantationController */,
				C3DA95CF2800C7D5003A41EE /* PostView */,
				C3DA95CA2800C7A0003A41EE /* ProfileDrawerView */,
			);
			path = Components;
			sourceTree = "<group>";
		};
		C3DA95B42800C62D003A41EE /* MainController */ = {
			isa = PBXGroup;
			children = (
				C3DA95B72800C660003A41EE /* MainViewController.swift */,
				C3DA95BB2800C690003A41EE /* MainViewModel.swift */,
			);
			path = MainController;
			sourceTree = "<group>";
		};
		C3DA95BD2800C6AF003A41EE /* Common */ = {
			isa = PBXGroup;
			children = (
				C3DA95E72800C958003A41EE /* Models */,
				C3DA95C92800C77E003A41EE /* Typealias */,
				C3DA95C02800C6CF003A41EE /* Extensions */,
			);
			path = Common;
			sourceTree = "<group>";
		};
		C3DA95C02800C6CF003A41EE /* Extensions */ = {
			isa = PBXGroup;
			children = (
				C3DA95C22800C779003A41EE /* UIColor+Extensions.swift */,
				C3DA95C32800C779003A41EE /* UITableView+Extensions.swift */,
				C3DA95C12800C779003A41EE /* UITableViewCell+Extensions.swift */,
				C3DA95C42800C779003A41EE /* UIView+Extensions.swift */,
			);
			path = Extensions;
			sourceTree = "<group>";
		};
		C3DA95C92800C77E003A41EE /* Typealias */ = {
			isa = PBXGroup;
			children = (
				C3DA95BE2800C6C2003A41EE /* Typealias.swift */,
			);
			path = Typealias;
			sourceTree = "<group>";
		};
		C3DA95CA2800C7A0003A41EE /* ProfileDrawerView */ = {
			isa = PBXGroup;
			children = (
				C3DA95CB2800C7D1003A41EE /* ProfileDrawerView.swift */,
			);
			path = ProfileDrawerView;
			sourceTree = "<group>";
		};
		C3DA95CF2800C7D5003A41EE /* PostView */ = {
			isa = PBXGroup;
			children = (
				C3DA95D02800C7FA003A41EE /* PostView.swift */,
			);
			path = PostView;
			sourceTree = "<group>";
		};
		C3DA95E72800C958003A41EE /* Models */ = {
			isa = PBXGroup;
			children = (
				C32E3D4A2806B00D001AE663 /* Post+CoreDataClass.swift */,
				C32E3D4B2806B00D001AE663 /* Post+CoreDataProperties.swift */,
				C32E3D482806B00D001AE663 /* SavedUser+CoreDataClass.swift */,
				C32E3D492806B00D001AE663 /* SavedUser+CoreDataProperties.swift */,
				C32E3D462806B00D001AE663 /* User+CoreDataClass.swift */,
				C32E3D472806B00D001AE663 /* User+CoreDataProperties.swift */,
				C377C97B28042069004CD504 /* Users.json */,
				C377C98528042288004CD504 /* UserModel.swift */,
			);
			path = Models;
			sourceTree = "<group>";
		};
		C3DA95EB2800D695003A41EE /* CoreDataManager */ = {
			isa = PBXGroup;
			children = (
				C3DA95EC2800D6A7003A41EE /* CoreDataManager.swift */,
			);
			path = CoreDataManager;
			sourceTree = "<group>";
		};
/* End PBXGroup section */

/* Begin PBXNativeTarget section */
		C3DA95932800C363003A41EE /* FantaStockerCase */ = {
			isa = PBXNativeTarget;
			buildConfigurationList = C3DA95AB2800C366003A41EE /* Build configuration list for PBXNativeTarget "FantaStockerCase" */;
			buildPhases = (
				9524B86C347BB580CE5A41B9 /* [CP] Check Pods Manifest.lock */,
				C3DA95902800C363003A41EE /* Sources */,
				C3DA95912800C363003A41EE /* Frameworks */,
				C3DA95922800C363003A41EE /* Resources */,
				97B077C03A6B0AF9C0745CE6 /* [CP] Embed Pods Frameworks */,
			);
			buildRules = (
			);
			dependencies = (
			);
			name = FantaStockerCase;
			productName = FantaStockerCase;
			productReference = C3DA95942800C363003A41EE /* FantaStockerCase.app */;
			productType = "com.apple.product-type.application";
		};
/* End PBXNativeTarget section */

/* Begin PBXProject section */
		C3DA958C2800C363003A41EE /* Project object */ = {
			isa = PBXProject;
			attributes = {
				BuildIndependentTargetsInParallel = 1;
				LastSwiftUpdateCheck = 1320;
				LastUpgradeCheck = 1320;
				TargetAttributes = {
					C3DA95932800C363003A41EE = {
						CreatedOnToolsVersion = 13.2.1;
					};
				};
			};
			buildConfigurationList = C3DA958F2800C363003A41EE /* Build configuration list for PBXProject "FantaStockerCase" */;
			compatibilityVersion = "Xcode 13.0";
			developmentRegion = en;
			hasScannedForEncodings = 0;
			knownRegions = (
				en,
				Base,
			);
			mainGroup = C3DA958B2800C363003A41EE;
			productRefGroup = C3DA95952800C363003A41EE /* Products */;
			projectDirPath = "";
			projectRoot = "";
			targets = (
				C3DA95932800C363003A41EE /* FantaStockerCase */,
			);
		};
/* End PBXProject section */

/* Begin PBXResourcesBuildPhase section */
		C3DA95922800C363003A41EE /* Resources */ = {
			isa = PBXResourcesBuildPhase;
			buildActionMask = 2147483647;
			files = (
				C377C97C28042069004CD504 /* Users.json in Resources */,
				C3DA95A72800C366003A41EE /* LaunchScreen.storyboard in Resources */,
				C3DA95A42800C366003A41EE /* Assets.xcassets in Resources */,
			);
			runOnlyForDeploymentPostprocessing = 0;
		};
/* End PBXResourcesBuildPhase section */

/* Begin PBXShellScriptBuildPhase section */
		9524B86C347BB580CE5A41B9 /* [CP] Check Pods Manifest.lock */ = {
			isa = PBXShellScriptBuildPhase;
			buildActionMask = 2147483647;
			files = (
			);
			inputFileListPaths = (
			);
			inputPaths = (
				"${PODS_PODFILE_DIR_PATH}/Podfile.lock",
				"${PODS_ROOT}/Manifest.lock",
			);
			name = "[CP] Check Pods Manifest.lock";
			outputFileListPaths = (
			);
			outputPaths = (
				"$(DERIVED_FILE_DIR)/Pods-FantaStockerCase-checkManifestLockResult.txt",
			);
			runOnlyForDeploymentPostprocessing = 0;
			shellPath = /bin/sh;
			shellScript = "diff \"${PODS_PODFILE_DIR_PATH}/Podfile.lock\" \"${PODS_ROOT}/Manifest.lock\" > /dev/null\nif [ $? != 0 ] ; then\n    # print error to STDERR\n    echo \"error: The sandbox is not in sync with the Podfile.lock. Run 'pod install' or update your CocoaPods installation.\" >&2\n    exit 1\nfi\n# This output is used by Xcode 'outputs' to avoid re-running this script phase.\necho \"SUCCESS\" > \"${SCRIPT_OUTPUT_FILE_0}\"\n";
			showEnvVarsInLog = 0;
		};
		97B077C03A6B0AF9C0745CE6 /* [CP] Embed Pods Frameworks */ = {
			isa = PBXShellScriptBuildPhase;
			buildActionMask = 2147483647;
			files = (
			);
			inputFileListPaths = (
				"${PODS_ROOT}/Target Support Files/Pods-FantaStockerCase/Pods-FantaStockerCase-frameworks-${CONFIGURATION}-input-files.xcfilelist",
			);
			name = "[CP] Embed Pods Frameworks";
			outputFileListPaths = (
				"${PODS_ROOT}/Target Support Files/Pods-FantaStockerCase/Pods-FantaStockerCase-frameworks-${CONFIGURATION}-output-files.xcfilelist",
			);
			runOnlyForDeploymentPostprocessing = 0;
			shellPath = /bin/sh;
			shellScript = "\"${PODS_ROOT}/Target Support Files/Pods-FantaStockerCase/Pods-FantaStockerCase-frameworks.sh\"\n";
			showEnvVarsInLog = 0;
		};
/* End PBXShellScriptBuildPhase section */

/* Begin PBXSourcesBuildPhase section */
		C3DA95902800C363003A41EE /* Sources */ = {
			isa = PBXSourcesBuildPhase;
			buildActionMask = 2147483647;
			files = (
				C3DA95B92800C660003A41EE /* MainViewController.swift in Sources */,
				C35C236A28040DC000B78459 /* CreatePostViewController.swift in Sources */,
				C32E3D512806B00D001AE663 /* Post+CoreDataProperties.swift in Sources */,
				C35C235C2801B56500B78459 /* ProfileSelectionController.swift in Sources */,
				C35C23612801FD1700B78459 /* UserView.swift in Sources */,
				C3DA95982800C363003A41EE /* AppDelegate.swift in Sources */,
				C35C23592801B4C500B78459 /* ProfilePresantationController.swift in Sources */,
				C3D1AFBA2804851400B5B529 /* FSTextView.swift in Sources */,
				C32E3D4F2806B00D001AE663 /* SavedUser+CoreDataProperties.swift in Sources */,
				C35C2368280409E400B78459 /* FSButton.swift in Sources */,
				C32E3D4C2806B00D001AE663 /* User+CoreDataClass.swift in Sources */,
				C377C98628042288004CD504 /* UserModel.swift in Sources */,
				C3DA95C52800C779003A41EE /* UITableViewCell+Extensions.swift in Sources */,
				C3DA95C82800C779003A41EE /* UIView+Extensions.swift in Sources */,
				C3DA95C72800C779003A41EE /* UITableView+Extensions.swift in Sources */,
				C3DA95A22800C363003A41EE /* FantaStockerCase.xcdatamodeld in Sources */,
				C3DA95C62800C779003A41EE /* UIColor+Extensions.swift in Sources */,
				C3DA95CD2800C7D1003A41EE /* ProfileDrawerView.swift in Sources */,
				C32E3D502806B00D001AE663 /* Post+CoreDataClass.swift in Sources */,
				C3DA95BC2800C690003A41EE /* MainViewModel.swift in Sources */,
				C3DA95BF2800C6C2003A41EE /* Typealias.swift in Sources */,
				C3DA95ED2800D6A7003A41EE /* CoreDataManager.swift in Sources */,
				C32E3D4D2806B00D001AE663 /* User+CoreDataProperties.swift in Sources */,
				C35C236D28040DE200B78459 /* CreatePostViewModel.swift in Sources */,
				C35C235E2801B93D00B78459 /* ProfileSelectionViewModel.swift in Sources */,
				C32E3D4E2806B00D001AE663 /* SavedUser+CoreDataClass.swift in Sources */,
				C3DA95D22800C7FA003A41EE /* PostView.swift in Sources */,
			);
			runOnlyForDeploymentPostprocessing = 0;
		};
/* End PBXSourcesBuildPhase section */

/* Begin PBXVariantGroup section */
		C3DA95A52800C366003A41EE /* LaunchScreen.storyboard */ = {
			isa = PBXVariantGroup;
			children = (
				C3DA95A62800C366003A41EE /* Base */,
			);
			name = LaunchScreen.storyboard;
			sourceTree = "<group>";
		};
/* End PBXVariantGroup section */

/* Begin XCBuildConfiguration section */
		C3DA95A92800C366003A41EE /* Debug */ = {
			isa = XCBuildConfiguration;
			buildSettings = {
				ALWAYS_SEARCH_USER_PATHS = NO;
				CLANG_ANALYZER_NONNULL = YES;
				CLANG_ANALYZER_NUMBER_OBJECT_CONVERSION = YES_AGGRESSIVE;
				CLANG_CXX_LANGUAGE_STANDARD = "gnu++17";
				CLANG_CXX_LIBRARY = "libc++";
				CLANG_ENABLE_MODULES = YES;
				CLANG_ENABLE_OBJC_ARC = YES;
				CLANG_ENABLE_OBJC_WEAK = YES;
				CLANG_WARN_BLOCK_CAPTURE_AUTORELEASING = YES;
				CLANG_WARN_BOOL_CONVERSION = YES;
				CLANG_WARN_COMMA = YES;
				CLANG_WARN_CONSTANT_CONVERSION = YES;
				CLANG_WARN_DEPRECATED_OBJC_IMPLEMENTATIONS = YES;
				CLANG_WARN_DIRECT_OBJC_ISA_USAGE = YES_ERROR;
				CLANG_WARN_DOCUMENTATION_COMMENTS = YES;
				CLANG_WARN_EMPTY_BODY = YES;
				CLANG_WARN_ENUM_CONVERSION = YES;
				CLANG_WARN_INFINITE_RECURSION = YES;
				CLANG_WARN_INT_CONVERSION = YES;
				CLANG_WARN_NON_LITERAL_NULL_CONVERSION = YES;
				CLANG_WARN_OBJC_IMPLICIT_RETAIN_SELF = YES;
				CLANG_WARN_OBJC_LITERAL_CONVERSION = YES;
				CLANG_WARN_OBJC_ROOT_CLASS = YES_ERROR;
				CLANG_WARN_QUOTED_INCLUDE_IN_FRAMEWORK_HEADER = YES;
				CLANG_WARN_RANGE_LOOP_ANALYSIS = YES;
				CLANG_WARN_STRICT_PROTOTYPES = YES;
				CLANG_WARN_SUSPICIOUS_MOVE = YES;
				CLANG_WARN_UNGUARDED_AVAILABILITY = YES_AGGRESSIVE;
				CLANG_WARN_UNREACHABLE_CODE = YES;
				CLANG_WARN__DUPLICATE_METHOD_MATCH = YES;
				COPY_PHASE_STRIP = NO;
				DEBUG_INFORMATION_FORMAT = dwarf;
				ENABLE_STRICT_OBJC_MSGSEND = YES;
				ENABLE_TESTABILITY = YES;
				GCC_C_LANGUAGE_STANDARD = gnu11;
				GCC_DYNAMIC_NO_PIC = NO;
				GCC_NO_COMMON_BLOCKS = YES;
				GCC_OPTIMIZATION_LEVEL = 0;
				GCC_PREPROCESSOR_DEFINITIONS = (
					"DEBUG=1",
					"$(inherited)",
				);
				GCC_WARN_64_TO_32_BIT_CONVERSION = YES;
				GCC_WARN_ABOUT_RETURN_TYPE = YES_ERROR;
				GCC_WARN_UNDECLARED_SELECTOR = YES;
				GCC_WARN_UNINITIALIZED_AUTOS = YES_AGGRESSIVE;
				GCC_WARN_UNUSED_FUNCTION = YES;
				GCC_WARN_UNUSED_VARIABLE = YES;
				IPHONEOS_DEPLOYMENT_TARGET = 13.0;
				MTL_ENABLE_DEBUG_INFO = INCLUDE_SOURCE;
				MTL_FAST_MATH = YES;
				ONLY_ACTIVE_ARCH = YES;
				SDKROOT = iphoneos;
				SWIFT_ACTIVE_COMPILATION_CONDITIONS = DEBUG;
				SWIFT_OPTIMIZATION_LEVEL = "-Onone";
			};
			name = Debug;
		};
		C3DA95AA2800C366003A41EE /* Release */ = {
			isa = XCBuildConfiguration;
			buildSettings = {
				ALWAYS_SEARCH_USER_PATHS = NO;
				CLANG_ANALYZER_NONNULL = YES;
				CLANG_ANALYZER_NUMBER_OBJECT_CONVERSION = YES_AGGRESSIVE;
				CLANG_CXX_LANGUAGE_STANDARD = "gnu++17";
				CLANG_CXX_LIBRARY = "libc++";
				CLANG_ENABLE_MODULES = YES;
				CLANG_ENABLE_OBJC_ARC = YES;
				CLANG_ENABLE_OBJC_WEAK = YES;
				CLANG_WARN_BLOCK_CAPTURE_AUTORELEASING = YES;
				CLANG_WARN_BOOL_CONVERSION = YES;
				CLANG_WARN_COMMA = YES;
				CLANG_WARN_CONSTANT_CONVERSION = YES;
				CLANG_WARN_DEPRECATED_OBJC_IMPLEMENTATIONS = YES;
				CLANG_WARN_DIRECT_OBJC_ISA_USAGE = YES_ERROR;
				CLANG_WARN_DOCUMENTATION_COMMENTS = YES;
				CLANG_WARN_EMPTY_BODY = YES;
				CLANG_WARN_ENUM_CONVERSION = YES;
				CLANG_WARN_INFINITE_RECURSION = YES;
				CLANG_WARN_INT_CONVERSION = YES;
				CLANG_WARN_NON_LITERAL_NULL_CONVERSION = YES;
				CLANG_WARN_OBJC_IMPLICIT_RETAIN_SELF = YES;
				CLANG_WARN_OBJC_LITERAL_CONVERSION = YES;
				CLANG_WARN_OBJC_ROOT_CLASS = YES_ERROR;
				CLANG_WARN_QUOTED_INCLUDE_IN_FRAMEWORK_HEADER = YES;
				CLANG_WARN_RANGE_LOOP_ANALYSIS = YES;
				CLANG_WARN_STRICT_PROTOTYPES = YES;
				CLANG_WARN_SUSPICIOUS_MOVE = YES;
				CLANG_WARN_UNGUARDED_AVAILABILITY = YES_AGGRESSIVE;
				CLANG_WARN_UNREACHABLE_CODE = YES;
				CLANG_WARN__DUPLICATE_METHOD_MATCH = YES;
				COPY_PHASE_STRIP = NO;
				DEBUG_INFORMATION_FORMAT = "dwarf-with-dsym";
				ENABLE_NS_ASSERTIONS = NO;
				ENABLE_STRICT_OBJC_MSGSEND = YES;
				GCC_C_LANGUAGE_STANDARD = gnu11;
				GCC_NO_COMMON_BLOCKS = YES;
				GCC_WARN_64_TO_32_BIT_CONVERSION = YES;
				GCC_WARN_ABOUT_RETURN_TYPE = YES_ERROR;
				GCC_WARN_UNDECLARED_SELECTOR = YES;
				GCC_WARN_UNINITIALIZED_AUTOS = YES_AGGRESSIVE;
				GCC_WARN_UNUSED_FUNCTION = YES;
				GCC_WARN_UNUSED_VARIABLE = YES;
				IPHONEOS_DEPLOYMENT_TARGET = 13.0;
				MTL_ENABLE_DEBUG_INFO = NO;
				MTL_FAST_MATH = YES;
				SDKROOT = iphoneos;
				SWIFT_COMPILATION_MODE = wholemodule;
				SWIFT_OPTIMIZATION_LEVEL = "-O";
				VALIDATE_PRODUCT = YES;
			};
			name = Release;
		};
		C3DA95AC2800C366003A41EE /* Debug */ = {
			isa = XCBuildConfiguration;
			baseConfigurationReference = 7317D8AD3620B7AD5FE0F3FD /* Pods-FantaStockerCase.debug.xcconfig */;
			buildSettings = {
				ASSETCATALOG_COMPILER_APPICON_NAME = AppIcon;
				ASSETCATALOG_COMPILER_GLOBAL_ACCENT_COLOR_NAME = AccentColor;
				CODE_SIGN_STYLE = Automatic;
				CURRENT_PROJECT_VERSION = 1;
				GENERATE_INFOPLIST_FILE = YES;
				INFOPLIST_FILE = FantaStockerCase/Info.plist;
				INFOPLIST_KEY_UIApplicationSupportsIndirectInputEvents = YES;
				INFOPLIST_KEY_UILaunchStoryboardName = LaunchScreen;
				INFOPLIST_KEY_UISupportedInterfaceOrientations_iPad = "UIInterfaceOrientationPortrait UIInterfaceOrientationPortraitUpsideDown UIInterfaceOrientationLandscapeLeft UIInterfaceOrientationLandscapeRight";
				INFOPLIST_KEY_UISupportedInterfaceOrientations_iPhone = "UIInterfaceOrientationPortrait UIInterfaceOrientationLandscapeLeft UIInterfaceOrientationLandscapeRight";
				LD_RUNPATH_SEARCH_PATHS = (
					"$(inherited)",
					"@executable_path/Frameworks",
				);
				MARKETING_VERSION = 1.0;
				PRODUCT_BUNDLE_IDENTIFIER = com.cenkerirmak.FantaStockerCase;
				PRODUCT_NAME = "$(TARGET_NAME)";
				SWIFT_EMIT_LOC_STRINGS = YES;
				SWIFT_VERSION = 5.0;
				TARGETED_DEVICE_FAMILY = "1,2";
			};
			name = Debug;
		};
		C3DA95AD2800C366003A41EE /* Release */ = {
			isa = XCBuildConfiguration;
			baseConfigurationReference = 56A7C7CDEB5857D24F1C0005 /* Pods-FantaStockerCase.release.xcconfig */;
			buildSettings = {
				ASSETCATALOG_COMPILER_APPICON_NAME = AppIcon;
				ASSETCATALOG_COMPILER_GLOBAL_ACCENT_COLOR_NAME = AccentColor;
				CODE_SIGN_STYLE = Automatic;
				CURRENT_PROJECT_VERSION = 1;
				GENERATE_INFOPLIST_FILE = YES;
				INFOPLIST_FILE = FantaStockerCase/Info.plist;
				INFOPLIST_KEY_UIApplicationSupportsIndirectInputEvents = YES;
				INFOPLIST_KEY_UILaunchStoryboardName = LaunchScreen;
				INFOPLIST_KEY_UISupportedInterfaceOrientations_iPad = "UIInterfaceOrientationPortrait UIInterfaceOrientationPortraitUpsideDown UIInterfaceOrientationLandscapeLeft UIInterfaceOrientationLandscapeRight";
				INFOPLIST_KEY_UISupportedInterfaceOrientations_iPhone = "UIInterfaceOrientationPortrait UIInterfaceOrientationLandscapeLeft UIInterfaceOrientationLandscapeRight";
				LD_RUNPATH_SEARCH_PATHS = (
					"$(inherited)",
					"@executable_path/Frameworks",
				);
				MARKETING_VERSION = 1.0;
				PRODUCT_BUNDLE_IDENTIFIER = com.cenkerirmak.FantaStockerCase;
				PRODUCT_NAME = "$(TARGET_NAME)";
				SWIFT_EMIT_LOC_STRINGS = YES;
				SWIFT_VERSION = 5.0;
				TARGETED_DEVICE_FAMILY = "1,2";
			};
			name = Release;
		};
/* End XCBuildConfiguration section */

/* Begin XCConfigurationList section */
		C3DA958F2800C363003A41EE /* Build configuration list for PBXProject "FantaStockerCase" */ = {
			isa = XCConfigurationList;
			buildConfigurations = (
				C3DA95A92800C366003A41EE /* Debug */,
				C3DA95AA2800C366003A41EE /* Release */,
			);
			defaultConfigurationIsVisible = 0;
			defaultConfigurationName = Release;
		};
		C3DA95AB2800C366003A41EE /* Build configuration list for PBXNativeTarget "FantaStockerCase" */ = {
			isa = XCConfigurationList;
			buildConfigurations = (
				C3DA95AC2800C366003A41EE /* Debug */,
				C3DA95AD2800C366003A41EE /* Release */,
			);
			defaultConfigurationIsVisible = 0;
			defaultConfigurationName = Release;
		};
/* End XCConfigurationList section */

/* Begin XCVersionGroup section */
		C3DA95A02800C363003A41EE /* FantaStockerCase.xcdatamodeld */ = {
			isa = XCVersionGroup;
			children = (
				C3DA95A12800C363003A41EE /* FantaStockerCase.xcdatamodel */,
			);
			currentVersion = C3DA95A12800C363003A41EE /* FantaStockerCase.xcdatamodel */;
			path = FantaStockerCase.xcdatamodeld;
			sourceTree = "<group>";
			versionGroupType = wrapper.xcdatamodel;
		};
/* End XCVersionGroup section */
	};
	rootObject = C3DA958C2800C363003A41EE /* Project object */;
}
